
Microsoft Visual Studio Solution File, Format Version 12.00
# Visual Studio Version 16
VisualStudioVersion = 16.0.30711.63
MinimumVisualStudioVersion = 10.0.40219.1
Project("{FAE04EC0-301F-11D3-BF4B-00C04F79EFBC}") = "ReactExample", "ReactExample\ReactExample.csproj", "{F875D9B5-3B72-4347-A5A7-564EB4B66587}"
EndProject
Global
	GlobalSection(SolutionConfigurationPlatforms) = preSolution
		Debug|Any CPU = Debug|Any CPU
		Release|Any CPU = Release|Any CPU
	EndGlobalSection
	GlobalSection(ProjectConfigurationPlatforms) = postSolution
		{F875D9B5-3B72-4347-A5A7-564EB4B66587}.Debug|Any CPU.ActiveCfg = Debug|Any CPU
		{F875D9B5-3B72-4347-A5A7-564EB4B66587}.Debug|Any CPU.Build.0 = Debug|Any CPU
		{F875D9B5-3B72-4347-A5A7-564EB4B66587}.Release|Any CPU.ActiveCfg = Release|Any CPU
		{F875D9B5-3B72-4347-A5A7-564EB4B66587}.Release|Any CPU.Build.0 = Release|Any CPU
	EndGlobalSection
	GlobalSection(SolutionProperties) = preSolution
		HideSolutionNode = FALSE
	EndGlobalSection
	GlobalSection(ExtensibilityGlobals) = postSolution
		SolutionGuid = {91304A93-56D8-45BE-8D4B-381DE824AF97}
	EndGlobalSection
EndGlobal
